
Microsoft Visual Studio Solution File, Format Version 12.00
# Visual Studio Version 17
VisualStudioVersion = 17.5.33516.290
MinimumVisualStudioVersion = 10.0.40219.1
Project("{FAE04EC0-301F-11D3-BF4B-00C04F79EFBC}") = "Certifac", "Certifac\Certifac.csproj", "{36DF3A49-4315-4233-91EE-F9D9421C8069}"
EndProject
Global
	GlobalSection(SolutionConfigurationPlatforms) = preSolution
		Debug|Any CPU = Debug|Any CPU
		Release|Any CPU = Release|Any CPU
	EndGlobalSection
	GlobalSection(ProjectConfigurationPlatforms) = postSolution
		{36DF3A49-4315-4233-91EE-F9D9421C8069}.Debug|Any CPU.ActiveCfg = Debug|Any CPU
		{36DF3A49-4315-4233-91EE-F9D9421C8069}.Debug|Any CPU.Build.0 = Debug|Any CPU
		{36DF3A49-4315-4233-91EE-F9D9421C8069}.Release|Any CPU.ActiveCfg = Release|Any CPU
		{36DF3A49-4315-4233-91EE-F9D9421C8069}.Release|Any CPU.Build.0 = Release|Any CPU
	EndGlobalSection
	GlobalSection(SolutionProperties) = preSolution
		HideSolutionNode = FALSE
	EndGlobalSection
	GlobalSection(ExtensibilityGlobals) = postSolution
		SolutionGuid = {CE99E8AB-B1EE-4F98-B87D-59B329E66A7E}
	EndGlobalSection
EndGlobal
